SITE
  remote: http://community.opscode.com/api/v1
  specs:
    yum (3.11.0)
    yum-epel (0.7.0)
      yum (>= 3.6.3)

SITE
  remote: https://supermarket.getchef.com/api/v1
  specs:
    apt (4.0.1)
      compat_resource (>= 12.10)
    ark (1.2.0)
      build-essential (>= 0.0.0)
      seven_zip (>= 0.0.0)
      windows (>= 0.0.0)
    build-essential (6.0.3)
      compat_resource (>= 12.10)
      mingw (>= 1.1)
      seven_zip (>= 0.0.0)
    chef-sugar (3.4.0)
    chef_handler (1.4.0)
    compat_resource (12.10.7)
    homebrew (2.1.0)
      build-essential (>= 2.1.2)
    mingw (1.2.4)
      compat_resource (>= 0.0.0)
      seven_zip (>= 0.0.0)
    nodejs (2.4.4)
      apt (>= 0.0.0)
      ark (>= 0.0.0)
      build-essential (>= 0.0.0)
      homebrew (>= 0.0.0)
      yum-epel (>= 0.0.0)
    openssl (4.4.0)
      chef-sugar (>= 3.1.1)
    postgresql (4.0.6)
      apt (>= 1.9.0)
      build-essential (>= 0.0.0)
      openssl (~> 4.0)
    ruby_build (1.0.0)
      yum-epel (>= 0.0.0)
    seven_zip (2.0.1)
      windows (>= 1.2.2)
    vim (2.0.1)
    windows (1.44.1)
      chef_handler (>= 0.0.0)

GIT
  remote: https://github.com/chef-rbenv/ruby_rbenv
  ref: master
  sha: 025b504f5743ce798831ea90c1d954bb4c623c97
  specs:
    ruby_rbenv (1.1.0)
      ruby_build (>= 0.0.0)

DEPENDENCIES
  apt (>= 0)
  build-essential (>= 0)
  nodejs (>= 0)
  postgresql (>= 0)
  ruby_build (>= 0)
  ruby_rbenv (>= 0)
  vim (>= 0)

